
Microsoft Visual Studio Solution File, Format Version 12.00
Project("{2150E333-8FDC-42A3-9474-1A3956D46DE8}") = "src", "src", "{AB8843EE-805C-484B-8417-A82F05656FF7}"
EndProject
Project("{2150E333-8FDC-42A3-9474-1A3956D46DE8}") = "Domain", "Domain", "{3D79061D-BBCB-4712-A131-7DEC84B2A51A}"
EndProject
Project("{2150E333-8FDC-42A3-9474-1A3956D46DE8}") = "Reservation", "Reservation", "{E5B37B15-50F6-4294-A7C5-BCEBF6544BD3}"
EndProject
Project("{2150E333-8FDC-42A3-9474-1A3956D46DE8}") = "Movies", "Movies", "{4431794E-9F33-4599-BA7E-63EF772DBC94}"
EndProject
Project("{2150E333-8FDC-42A3-9474-1A3956D46DE8}") = "User", "User", "{F89195DE-8083-457B-ACDB-9BFE126657C2}"
EndProject
Project("{FAE04EC0-301F-11D3-BF4B-00C04F79EFBC}") = "Reservation.Domain", "src\Domain\Reservation\Reservation.Domain\Reservation.Domain.csproj", "{2546446A-870D-429A-9D25-1015D4E25515}"
EndProject
Project("{2150E333-8FDC-42A3-9474-1A3956D46DE8}") = "Framework", "Framework", "{99F5F43A-360F-49C6-92A7-903DA34FE973}"
EndProject
Project("{FAE04EC0-301F-11D3-BF4B-00C04F79EFBC}") = "SharedKernel", "src\Framework\SharedKernel\SharedKernel.csproj", "{82A33C56-AC13-41A3-A653-AE891EE5A0E8}"
EndProject
Project("{FAE04EC0-301F-11D3-BF4B-00C04F79EFBC}") = "Reservation.Api", "src\Domain\Reservation\Reservation.Api\Reservation.Api.csproj", "{A2D0A36D-9B48-4197-91D4-49AD7AF2E997}"
EndProject
Project("{FAE04EC0-301F-11D3-BF4B-00C04F79EFBC}") = "Reservation.Infrastructure", "src\Domain\Reservation\Reservation.Infrastructure\Reservation.Infrastructure.csproj", "{AEE1C1C7-25C5-49BC-93E6-61E83C99E8F2}"
EndProject
Project("{FAE04EC0-301F-11D3-BF4B-00C04F79EFBC}") = "Reservation.Settings.Infrastructure", "src\Domain\Reservation\Reservation.Settings.Infrastructure\Reservation.Settings.Infrastructure.csproj", "{2D0961F3-237A-4CFC-9524-4B2BC00AF58C}"
EndProject
Project("{FAE04EC0-301F-11D3-BF4B-00C04F79EFBC}") = "User.Domain", "src\Domain\User\User.Domain\User.Domain.csproj", "{ABA93906-584D-4856-8F55-8DF0ED27B76B}"
EndProject
Global
	GlobalSection(SolutionConfigurationPlatforms) = preSolution
		Debug|Any CPU = Debug|Any CPU
		Release|Any CPU = Release|Any CPU
	EndGlobalSection
	GlobalSection(NestedProjects) = preSolution
		{3D79061D-BBCB-4712-A131-7DEC84B2A51A} = {AB8843EE-805C-484B-8417-A82F05656FF7}
		{E5B37B15-50F6-4294-A7C5-BCEBF6544BD3} = {3D79061D-BBCB-4712-A131-7DEC84B2A51A}
		{4431794E-9F33-4599-BA7E-63EF772DBC94} = {3D79061D-BBCB-4712-A131-7DEC84B2A51A}
		{F89195DE-8083-457B-ACDB-9BFE126657C2} = {3D79061D-BBCB-4712-A131-7DEC84B2A51A}
		{2546446A-870D-429A-9D25-1015D4E25515} = {E5B37B15-50F6-4294-A7C5-BCEBF6544BD3}
		{99F5F43A-360F-49C6-92A7-903DA34FE973} = {AB8843EE-805C-484B-8417-A82F05656FF7}
		{82A33C56-AC13-41A3-A653-AE891EE5A0E8} = {99F5F43A-360F-49C6-92A7-903DA34FE973}
		{A2D0A36D-9B48-4197-91D4-49AD7AF2E997} = {E5B37B15-50F6-4294-A7C5-BCEBF6544BD3}
		{AEE1C1C7-25C5-49BC-93E6-61E83C99E8F2} = {E5B37B15-50F6-4294-A7C5-BCEBF6544BD3}
		{2D0961F3-237A-4CFC-9524-4B2BC00AF58C} = {E5B37B15-50F6-4294-A7C5-BCEBF6544BD3}
		{ABA93906-584D-4856-8F55-8DF0ED27B76B} = {F89195DE-8083-457B-ACDB-9BFE126657C2}
	EndGlobalSection
	GlobalSection(ProjectConfigurationPlatforms) = postSolution
		{2546446A-870D-429A-9D25-1015D4E25515}.Debug|Any CPU.ActiveCfg = Debug|Any CPU
		{2546446A-870D-429A-9D25-1015D4E25515}.Debug|Any CPU.Build.0 = Debug|Any CPU
		{2546446A-870D-429A-9D25-1015D4E25515}.Release|Any CPU.ActiveCfg = Release|Any CPU
		{2546446A-870D-429A-9D25-1015D4E25515}.Release|Any CPU.Build.0 = Release|Any CPU
		{82A33C56-AC13-41A3-A653-AE891EE5A0E8}.Debug|Any CPU.ActiveCfg = Debug|Any CPU
		{82A33C56-AC13-41A3-A653-AE891EE5A0E8}.Debug|Any CPU.Build.0 = Debug|Any CPU
		{82A33C56-AC13-41A3-A653-AE891EE5A0E8}.Release|Any CPU.ActiveCfg = Release|Any CPU
		{82A33C56-AC13-41A3-A653-AE891EE5A0E8}.Release|Any CPU.Build.0 = Release|Any CPU
		{A2D0A36D-9B48-4197-91D4-49AD7AF2E997}.Debug|Any CPU.ActiveCfg = Debug|Any CPU
		{A2D0A36D-9B48-4197-91D4-49AD7AF2E997}.Debug|Any CPU.Build.0 = Debug|Any CPU
		{A2D0A36D-9B48-4197-91D4-49AD7AF2E997}.Release|Any CPU.ActiveCfg = Release|Any CPU
		{A2D0A36D-9B48-4197-91D4-49AD7AF2E997}.Release|Any CPU.Build.0 = Release|Any CPU
		{AEE1C1C7-25C5-49BC-93E6-61E83C99E8F2}.Debug|Any CPU.ActiveCfg = Debug|Any CPU
		{AEE1C1C7-25C5-49BC-93E6-61E83C99E8F2}.Debug|Any CPU.Build.0 = Debug|Any CPU
		{AEE1C1C7-25C5-49BC-93E6-61E83C99E8F2}.Release|Any CPU.ActiveCfg = Release|Any CPU
		{AEE1C1C7-25C5-49BC-93E6-61E83C99E8F2}.Release|Any CPU.Build.0 = Release|Any CPU
		{2D0961F3-237A-4CFC-9524-4B2BC00AF58C}.Debug|Any CPU.ActiveCfg = Debug|Any CPU
		{2D0961F3-237A-4CFC-9524-4B2BC00AF58C}.Debug|Any CPU.Build.0 = Debug|Any CPU
		{2D0961F3-237A-4CFC-9524-4B2BC00AF58C}.Release|Any CPU.ActiveCfg = Release|Any CPU
		{2D0961F3-237A-4CFC-9524-4B2BC00AF58C}.Release|Any CPU.Build.0 = Release|Any CPU
		{ABA93906-584D-4856-8F55-8DF0ED27B76B}.Debug|Any CPU.ActiveCfg = Debug|Any CPU
		{ABA93906-584D-4856-8F55-8DF0ED27B76B}.Debug|Any CPU.Build.0 = Debug|Any CPU
		{ABA93906-584D-4856-8F55-8DF0ED27B76B}.Release|Any CPU.ActiveCfg = Release|Any CPU
		{ABA93906-584D-4856-8F55-8DF0ED27B76B}.Release|Any CPU.Build.0 = Release|Any CPU
	EndGlobalSection
EndGlobal
